
Microsoft Visual Studio Solution File, Format Version 12.00
# Visual Studio 15
VisualStudioVersion = 15.0.27130.2010
MinimumVisualStudioVersion = 10.0.40219.1
Project("{FAE04EC0-301F-11D3-BF4B-00C04F79EFBC}") = "AlgebrosZ1", "AlgebrosZ1\AlgebrosZ1.csproj", "{CA66AEF9-A9C7-4C09-9991-AB522652CB1A}"
EndProject
Global
	GlobalSection(SolutionConfigurationPlatforms) = preSolution
		Debug|Any CPU = Debug|Any CPU
		Release|Any CPU = Release|Any CPU
	EndGlobalSection
	GlobalSection(ProjectConfigurationPlatforms) = postSolution
		{CA66AEF9-A9C7-4C09-9991-AB522652CB1A}.Debug|Any CPU.ActiveCfg = Debug|Any CPU
		{CA66AEF9-A9C7-4C09-9991-AB522652CB1A}.Debug|Any CPU.Build.0 = Debug|Any CPU
		{CA66AEF9-A9C7-4C09-9991-AB522652CB1A}.Release|Any CPU.ActiveCfg = Release|Any CPU
		{CA66AEF9-A9C7-4C09-9991-AB522652CB1A}.Release|Any CPU.Build.0 = Release|Any CPU
	EndGlobalSection
	GlobalSection(SolutionProperties) = preSolution
		HideSolutionNode = FALSE
	EndGlobalSection
	GlobalSection(ExtensibilityGlobals) = postSolution
		SolutionGuid = {3E51E0B3-3AF8-428B-A37D-0ECA402DA5EC}
	EndGlobalSection
EndGlobal
